<?xml version="1.0" encoding="utf-8"?>
<Project ToolsVersion="4.0" xmlns="http://schemas.microsoft.com/developer/msbuild/2003">
  <ItemGroup>
    <Filter Include="Source Files">
      <UniqueIdentifier>{4FC737F1-C7A5-4376-A066-2A32D752A2FF}</UniqueIdentifier>
      <Extensions>cpp;c;cc;cxx;def;odl;idl;hpj;bat;asm;asmx</Extensions>
    </Filter>
    <Filter Include="Header Files">
      <UniqueIdentifier>{93995380-89BD-4b04-88EB-625FBE52EBFB}</UniqueIdentifier>
      <Extensions>h;hh;hpp;hxx;hm;inl;inc;xsd</Extensions>
    </Filter>
    <Filter Include="Resource Files">
      <UniqueIdentifier>{D9D6E242-F8AF-46E4-B9FD-80ECBC20BA3E}</UniqueIdentifier>
      <Extensions>qrc;*</Extensions>
      <ParseFiles>false</ParseFiles>
    </Filter>
    <Filter Include="Form Files">
      <UniqueIdentifier>{99349809-55BA-4b9d-BF79-8FDBB0286EB3}</UniqueIdentifier>
      <Extensions>ui</Extensions>
    </Filter>
    <Filter Include="Resource Files">
      <UniqueIdentifier>{D9D6E242-F8AF-46E4-B9FD-80ECBC20BA3E}</UniqueIdentifier>
      <Extensions>qrc;*</Extensions>
      <ParseFiles>false</ParseFiles>
    </Filter>
    <Filter Include="Generated Files">
      <UniqueIdentifier>{71ED8ED8-ACB9-4CE9-BBE1-E00B30144E11}</UniqueIdentifier>
      <Extensions>moc;h;cpp</Extensions>
      <SourceControlFiles>False</SourceControlFiles>
    </Filter>
    <Filter Include="LOpenGL">
      <UniqueIdentifier>{73435caa-c6e9-49bf-ab3d-7905f07c433c}</UniqueIdentifier>
    </Filter>
  </ItemGroup>
  <ItemGroup>
    <ClCompile Include="main.cpp">
      <Filter>Source Files</Filter>
    </ClCompile>
    <ClCompile Include="MiniCAD.cpp">
      <Filter>Source Files</Filter>
    </ClCompile>
    <ClCompile Include="MiniCADWidget.cpp">
      <Filter>Source Files</Filter>
    </ClCompile>
    <ClCompile Include="DataStructure.cpp">
      <Filter>Source Files</Filter>
    </ClCompile>
    <ClCompile Include="EulerOperator.cpp">
      <Filter>Source Files</Filter>
    </ClCompile>
    <ClCompile Include="Modeler.cpp">
      <Filter>Source Files</Filter>
    </ClCompile>
    <ClCompile Include="miniCDT.cpp">
      <Filter>Source Files</Filter>
    </ClCompile>
    <ClCompile Include="LOpenGL\LRenderingObject.cpp">
      <Filter>LOpenGL</Filter>
    </ClCompile>
    <ClCompile Include="ModelRenderingObject.cpp">
      <Filter>Source Files</Filter>
    </ClCompile>
  </ItemGroup>
  <ItemGroup>
    <QtMoc Include="MiniCAD.h">
      <Filter>Header Files</Filter>
    </QtMoc>
    <QtMoc Include="MiniCADWidget.h">
      <Filter>Header Files</Filter>
    </QtMoc>
    <QtMoc Include="Modeler.h">
      <Filter>Header Files</Filter>
    </QtMoc>
  </ItemGroup>
  <ItemGroup>
    <QtUic Include="MiniCAD.ui">
      <Filter>Form Files</Filter>
    </QtUic>
  </ItemGroup>
  <ItemGroup>
    <QtRcc Include="MiniCAD.qrc">
      <Filter>Resource Files</Filter>
    </QtRcc>
  </ItemGroup>
  <ItemGroup>
    <ClInclude Include="DataStructure.h">
      <Filter>Header Files</Filter>
    </ClInclude>
    <ClInclude Include="LOpenGL\LCamera.h">
      <Filter>LOpenGL</Filter>
    </ClInclude>
    <ClInclude Include="LOpenGL\LShaderProgram.h">
      <Filter>LOpenGL</Filter>
    </ClInclude>
    <ClInclude Include="LOpenGL\LgluTess.h">
      <Filter>LOpenGL</Filter>
    </ClInclude>
    <ClInclude Include="miniCDT.h">
      <Filter>Header Files</Filter>
    </ClInclude>
    <ClInclude Include="EulerOperator.h">
      <Filter>Header Files</Filter>
    </ClInclude>
    <ClInclude Include="LOpenGL\LRenderingObject.h">
      <Filter>LOpenGL</Filter>
    </ClInclude>
    <ClInclude Include="LineShaderProgram.h">
      <Filter>Header Files</Filter>
    </ClInclude>
    <ClInclude Include="FaceShaderProgram.h">
      <Filter>Header Files</Filter>
    </ClInclude>
    <ClInclude Include="ModelRenderingObject.h">
      <Filter>Header Files</Filter>
    </ClInclude>
  </ItemGroup>
  <ItemGroup>
    <None Include="LOpenGL\NoLight.frag" />
    <None Include="LOpenGL\NoLight.vert" />
    <None Include="LOpenGL\Base.frag">
      <Filter>LOpenGL</Filter>
    </None>
    <None Include="LOpenGL\Lights.frag">
      <Filter>LOpenGL</Filter>
    </None>
    <None Include="LOpenGL\Base.vert">
      <Filter>LOpenGL</Filter>
    </None>
    <None Include="LOpenGL\Lights.vert">
      <Filter>LOpenGL</Filter>
    </None>
  </ItemGroup>
</Project>